// !$*UTF8*$!
{
	archiveVersion = 1;
	classes = {
	};
	objectVersion = 46;
	objects = {

/* Begin PBXBuildFile section */
		67265B9E1A07ACD2004E660D /* main.m in Sources */ = {isa = PBXBuildFile; fileRef = 67265B9D1A07ACD2004E660D /* main.m */; };
		67265BA11A07ACD2004E660D /* AppDelegate.m in Sources */ = {isa = PBXBuildFile; fileRef = 67265BA01A07ACD2004E660D /* AppDelegate.m */; };
		67265BA91A07ACD2004E660D /* Images.xcassets in Resources */ = {isa = PBXBuildFile; fileRef = 67265BA81A07ACD2004E660D /* Images.xcassets */; };
		67265BB81A07ACD2004E660D /* WeatherTests.m in Sources */ = {isa = PBXBuildFile; fileRef = 67265BB71A07ACD2004E660D /* WeatherTests.m */; };
		67265BC91A07AE92004E660D /* MainViewController.m in Sources */ = {isa = PBXBuildFile; fileRef = 67265BC71A07AE92004E660D /* MainViewController.m */; };
		67265BCA1A07AE92004E660D /* MainViewController.xib in Resources */ = {isa = PBXBuildFile; fileRef = 67265BC81A07AE92004E660D /* MainViewController.xib */; };
		67E480F01A0B8ADD0059DD38 /* Current.swift in Sources */ = {isa = PBXBuildFile; fileRef = 67E480EE1A0B8ADD0059DD38 /* Current.swift */; };
		67E480F11A0B8ADD0059DD38 /* Forecast.swift in Sources */ = {isa = PBXBuildFile; fileRef = 67E480EF1A0B8ADD0059DD38 /* Forecast.swift */; };
		67E481011A0CBD8B0059DD38 /* DetailViewController.swift in Sources */ = {isa = PBXBuildFile; fileRef = 67E480FF1A0CBD8B0059DD38 /* DetailViewController.swift */; };
		67E481021A0CBD8B0059DD38 /* DetailViewController.xib in Resources */ = {isa = PBXBuildFile; fileRef = 67E481001A0CBD8B0059DD38 /* DetailViewController.xib */; };
/* End PBXBuildFile section */

/* Begin PBXContainerItemProxy section */
		67265BB21A07ACD2004E660D /* PBXContainerItemProxy */ = {
			isa = PBXContainerItemProxy;
			containerPortal = 67265B901A07ACD2004E660D /* Project object */;
			proxyType = 1;
			remoteGlobalIDString = 67265B971A07ACD2004E660D;
			remoteInfo = Weather;
		};
/* End PBXContainerItemProxy section */

/* Begin PBXFileReference section */
		67265B981A07ACD2004E660D /* Weather.app */ = {isa = PBXFileReference; explicitFileType = wrapper.application; includeInIndex = 0; path = Weather.app; sourceTree = BUILT_PRODUCTS_DIR; };
		67265B9C1A07ACD2004E660D /* Info.plist */ = {isa = PBXFileReference; lastKnownFileType = text.plist.xml; path = Info.plist; sourceTree = "<group>"; };
		67265B9D1A07ACD2004E660D /* main.m */ = {isa = PBXFileReference; lastKnownFileType = sourcecode.c.objc; path = main.m; sourceTree = "<group>"; };
		67265B9F1A07ACD2004E660D /* AppDelegate.h */ = {isa = PBXFileReference; lastKnownFileType = sourcecode.c.h; path = AppDelegate.h; sourceTree = "<group>"; };
		67265BA01A07ACD2004E660D /* AppDelegate.m */ = {isa = PBXFileReference; lastKnownFileType = sourcecode.c.objc; path = AppDelegate.m; sourceTree = "<group>"; };
		67265BA81A07ACD2004E660D /* Images.xcassets */ = {isa = PBXFileReference; lastKnownFileType = folder.assetcatalog; path = Images.xcassets; sourceTree = "<group>"; };
		67265BB11A07ACD2004E660D /* WeatherTests.xctest */ = {isa = PBXFileReference; explicitFileType = wrapper.cfbundle; includeInIndex = 0; path = WeatherTests.xctest; sourceTree = BUILT_PRODUCTS_DIR; };
		67265BB61A07ACD2004E660D /* Info.plist */ = {isa = PBXFileReference; lastKnownFileType = text.plist.xml; path = Info.plist; sourceTree = "<group>"; };
		67265BB71A07ACD2004E660D /* WeatherTests.m */ = {isa = PBXFileReference; lastKnownFileType = sourcecode.c.objc; path = WeatherTests.m; sourceTree = "<group>"; };
		67265BC61A07AE92004E660D /* MainViewController.h */ = {isa = PBXFileReference; fileEncoding = 4; lastKnownFileType = sourcecode.c.h; path = MainViewController.h; sourceTree = "<group>"; };
		67265BC71A07AE92004E660D /* MainViewController.m */ = {isa = PBXFileReference; fileEncoding = 4; lastKnownFileType = sourcecode.c.objc; path = MainViewController.m; sourceTree = "<group>"; };
		67265BC81A07AE92004E660D /* MainViewController.xib */ = {isa = PBXFileReference; fileEncoding = 4; lastKnownFileType = file.xib; path = MainViewController.xib; sourceTree = "<group>"; };
		6747DC9A1A09263000C3F4AD /* Weather-Bridging-Header.h */ = {isa = PBXFileReference; lastKnownFileType = sourcecode.c.h; path = "Weather-Bridging-Header.h"; sourceTree = "<group>"; };
		67E480EE1A0B8ADD0059DD38 /* Current.swift */ = {isa = PBXFileReference; fileEncoding = 4; lastKnownFileType = sourcecode.swift; path = Current.swift; sourceTree = "<group>"; };
		67E480EF1A0B8ADD0059DD38 /* Forecast.swift */ = {isa = PBXFileReference; fileEncoding = 4; lastKnownFileType = sourcecode.swift; path = Forecast.swift; sourceTree = "<group>"; };
		67E480FF1A0CBD8B0059DD38 /* DetailViewController.swift */ = {isa = PBXFileReference; fileEncoding = 4; lastKnownFileType = sourcecode.swift; path = DetailViewController.swift; sourceTree = "<group>"; };
		67E481001A0CBD8B0059DD38 /* DetailViewController.xib */ = {isa = PBXFileReference; fileEncoding = 4; lastKnownFileType = file.xib; path = DetailViewController.xib; sourceTree = "<group>"; };
/* End PBXFileReference section */

/* Begin PBXFrameworksBuildPhase section */
		67265B951A07ACD2004E660D /* Frameworks */ = {
			isa = PBXFrameworksBuildPhase;
			buildActionMask = 2147483647;
			files = (
			);
			runOnlyForDeploymentPostprocessing = 0;
		};
		67265BAE1A07ACD2004E660D /* Frameworks */ = {
			isa = PBXFrameworksBuildPhase;
			buildActionMask = 2147483647;
			files = (
			);
			runOnlyForDeploymentPostprocessing = 0;
		};
/* End PBXFrameworksBuildPhase section */

/* Begin PBXGroup section */
		67265B8F1A07ACD2004E660D = {
			isa = PBXGroup;
			children = (
				6747DC9A1A09263000C3F4AD /* Weather-Bridging-Header.h */,
				67265B9A1A07ACD2004E660D /* Weather */,
				67265BB41A07ACD2004E660D /* WeatherTests */,
				67265B991A07ACD2004E660D /* Products */,
			);
			sourceTree = "<group>";
		};
		67265B991A07ACD2004E660D /* Products */ = {
			isa = PBXGroup;
			children = (
				67265B981A07ACD2004E660D /* Weather.app */,
				67265BB11A07ACD2004E660D /* WeatherTests.xctest */,
			);
			name = Products;
			sourceTree = "<group>";
		};
		67265B9A1A07ACD2004E660D /* Weather */ = {
			isa = PBXGroup;
			children = (
				67E480EE1A0B8ADD0059DD38 /* Current.swift */,
				67E480EF1A0B8ADD0059DD38 /* Forecast.swift */,
				67265B9F1A07ACD2004E660D /* AppDelegate.h */,
				67265BA01A07ACD2004E660D /* AppDelegate.m */,
				67265BA81A07ACD2004E660D /* Images.xcassets */,
				67265B9B1A07ACD2004E660D /* Supporting Files */,
				67265BC61A07AE92004E660D /* MainViewController.h */,
				67265BC71A07AE92004E660D /* MainViewController.m */,
				67265BC81A07AE92004E660D /* MainViewController.xib */,
				67E480FF1A0CBD8B0059DD38 /* DetailViewController.swift */,
				67E481001A0CBD8B0059DD38 /* DetailViewController.xib */,
			);
			path = Weather;
			sourceTree = "<group>";
		};
		67265B9B1A07ACD2004E660D /* Supporting Files */ = {
			isa = PBXGroup;
			children = (
				67265B9C1A07ACD2004E660D /* Info.plist */,
				67265B9D1A07ACD2004E660D /* main.m */,
			);
			name = "Supporting Files";
			sourceTree = "<group>";
		};
		67265BB41A07ACD2004E660D /* WeatherTests */ = {
			isa = PBXGroup;
			children = (
				67265BB71A07ACD2004E660D /* WeatherTests.m */,
				67265BB51A07ACD2004E660D /* Supporting Files */,
			);
			path = WeatherTests;
			sourceTree = "<group>";
		};
		67265BB51A07ACD2004E660D /* Supporting Files */ = {
			isa = PBXGroup;
			children = (
				67265BB61A07ACD2004E660D /* Info.plist */,
			);
			name = "Supporting Files";
			sourceTree = "<group>";
		};
/* End PBXGroup section */

/* Begin PBXNativeTarget section */
		67265B971A07ACD2004E660D /* Weather */ = {
			isa = PBXNativeTarget;
			buildConfigurationList = 67265BBB1A07ACD2004E660D /* Build configuration list for PBXNativeTarget "Weather" */;
			buildPhases = (
				67265B941A07ACD2004E660D /* Sources */,
				67265B951A07ACD2004E660D /* Frameworks */,
				67265B961A07ACD2004E660D /* Resources */,
			);
			buildRules = (
			);
			dependencies = (
			);
			name = Weather;
			productName = Weather;
			productReference = 67265B981A07ACD2004E660D /* Weather.app */;
			productType = "com.apple.product-type.application";
		};
		67265BB01A07ACD2004E660D /* WeatherTests */ = {
			isa = PBXNativeTarget;
			buildConfigurationList = 67265BBE1A07ACD2004E660D /* Build configuration list for PBXNativeTarget "WeatherTests" */;
			buildPhases = (
				67265BAD1A07ACD2004E660D /* Sources */,
				67265BAE1A07ACD2004E660D /* Frameworks */,
				67265BAF1A07ACD2004E660D /* Resources */,
			);
			buildRules = (
			);
			dependencies = (
				67265BB31A07ACD2004E660D /* PBXTargetDependency */,
			);
			name = WeatherTests;
			productName = WeatherTests;
			productReference = 67265BB11A07ACD2004E660D /* WeatherTests.xctest */;
			productType = "com.apple.product-type.bundle.unit-test";
		};
/* End PBXNativeTarget section */

/* Begin PBXProject section */
		67265B901A07ACD2004E660D /* Project object */ = {
			isa = PBXProject;
			attributes = {
				LastUpgradeCheck = 0610;
				ORGANIZATIONNAME = "ING Bank NV";
				TargetAttributes = {
					67265B971A07ACD2004E660D = {
						CreatedOnToolsVersion = 6.1;
					};
					67265BB01A07ACD2004E660D = {
						CreatedOnToolsVersion = 6.1;
						TestTargetID = 67265B971A07ACD2004E660D;
					};
				};
			};
			buildConfigurationList = 67265B931A07ACD2004E660D /* Build configuration list for PBXProject "Weather" */;
			compatibilityVersion = "Xcode 3.2";
			developmentRegion = English;
			hasScannedForEncodings = 0;
			knownRegions = (
				en,
				Base,
			);
			mainGroup = 67265B8F1A07ACD2004E660D;
			productRefGroup = 67265B991A07ACD2004E660D /* Products */;
			projectDirPath = "";
			projectRoot = "";
			targets = (
				67265B971A07ACD2004E660D /* Weather */,
				67265BB01A07ACD2004E660D /* WeatherTests */,
			);
		};
/* End PBXProject section */

/* Begin PBXResourcesBuildPhase section */
		67265B961A07ACD2004E660D /* Resources */ = {
			isa = PBXResourcesBuildPhase;
			buildActionMask = 2147483647;
			files = (
				67265BA91A07ACD2004E660D /* Images.xcassets in Resources */,
				67E481021A0CBD8B0059DD38 /* DetailViewController.xib in Resources */,
				67265BCA1A07AE92004E660D /* MainViewController.xib in Resources */,
			);
			runOnlyForDeploymentPostprocessing = 0;
		};
		67265BAF1A07ACD2004E660D /* Resources */ = {
			isa = PBXResourcesBuildPhase;
			buildActionMask = 2147483647;
			files = (
			);
			runOnlyForDeploymentPostprocessing = 0;
		};
/* End PBXResourcesBuildPhase section */

/* Begin PBXSourcesBuildPhase section */
		67265B941A07ACD2004E660D /* Sources */ = {
			isa = PBXSourcesBuildPhase;
			buildActionMask = 2147483647;
			files = (
				67265BA11A07ACD2004E660D /* AppDelegate.m in Sources */,
				67E480F01A0B8ADD0059DD38 /* Current.swift in Sources */,
				67265BC91A07AE92004E660D /* MainViewController.m in Sources */,
				67E480F11A0B8ADD0059DD38 /* Forecast.swift in Sources */,
				67265B9E1A07ACD2004E660D /* main.m in Sources */,
				67E481011A0CBD8B0059DD38 /* DetailViewController.swift in Sources */,
			);
			runOnlyForDeploymentPostprocessing = 0;
		};
		67265BAD1A07ACD2004E660D /* Sources */ = {
			isa = PBXSourcesBuildPhase;
			buildActionMask = 2147483647;
			files = (
				67265BB81A07ACD2004E660D /* WeatherTests.m in Sources */,
			);
			runOnlyForDeploymentPostprocessing = 0;
		};
/* End PBXSourcesBuildPhase section */

/* Begin PBXTargetDependency section */
		67265BB31A07ACD2004E660D /* PBXTargetDependency */ = {
			isa = PBXTargetDependency;
			target = 67265B971A07ACD2004E660D /* Weather */;
			targetProxy = 67265BB21A07ACD2004E660D /* PBXContainerItemProxy */;
		};
/* End PBXTargetDependency section */

/* Begin XCBuildConfiguration section */
		67265BB91A07ACD2004E660D /* Debug */ = {
			isa = XCBuildConfiguration;
			buildSettings = {
				ALWAYS_SEARCH_USER_PATHS = NO;
				CLANG_CXX_LANGUAGE_STANDARD = "gnu++0x";
				CLANG_CXX_LIBRARY = "libc++";
				CLANG_ENABLE_MODULES = YES;
				CLANG_ENABLE_OBJC_ARC = YES;
				CLANG_WARN_BOOL_CONVERSION = YES;
				CLANG_WARN_CONSTANT_CONVERSION = YES;
				CLANG_WARN_DIRECT_OBJC_ISA_USAGE = YES_ERROR;
				CLANG_WARN_EMPTY_BODY = YES;
				CLANG_WARN_ENUM_CONVERSION = YES;
				CLANG_WARN_INT_CONVERSION = YES;
				CLANG_WARN_OBJC_ROOT_CLASS = YES_ERROR;
				CLANG_WARN_UNREACHABLE_CODE = YES;
				CLANG_WARN__DUPLICATE_METHOD_MATCH = YES;
				"CODE_SIGN_IDENTITY[sdk=iphoneos*]" = "iPhone Developer";
				COPY_PHASE_STRIP = NO;
				ENABLE_STRICT_OBJC_MSGSEND = YES;
				GCC_C_LANGUAGE_STANDARD = gnu99;
				GCC_DYNAMIC_NO_PIC = NO;
				GCC_OPTIMIZATION_LEVEL = 0;
				GCC_PREPROCESSOR_DEFINITIONS = (
					"DEBUG=1",
					"$(inherited)",
				);
				GCC_SYMBOLS_PRIVATE_EXTERN = NO;
				GCC_WARN_64_TO_32_BIT_CONVERSION = YES;
				GCC_WARN_ABOUT_RETURN_TYPE = YES_ERROR;
				GCC_WARN_UNDECLARED_SELECTOR = YES;
				GCC_WARN_UNINITIALIZED_AUTOS = YES_AGGRESSIVE;
				GCC_WARN_UNUSED_FUNCTION = YES;
				GCC_WARN_UNUSED_VARIABLE = YES;
				IPHONEOS_DEPLOYMENT_TARGET = 8.1;
				MTL_ENABLE_DEBUG_INFO = YES;
				ONLY_ACTIVE_ARCH = YES;
				SDKROOT = iphoneos;
			};
			name = Debug;
		};
		67265BBA1A07ACD2004E660D /* Release */ = {
			isa = XCBuildConfiguration;
			buildSettings = {
				ALWAYS_SEARCH_USER_PATHS = NO;
				CLANG_CXX_LANGUAGE_STANDARD = "gnu++0x";
				CLANG_CXX_LIBRARY = "libc++";
				CLANG_ENABLE_MODULES = YES;
				CLANG_ENABLE_OBJC_ARC = YES;
				CLANG_WARN_BOOL_CONVERSION = YES;
				CLANG_WARN_CONSTANT_CONVERSION = YES;
				CLANG_WARN_DIRECT_OBJC_ISA_USAGE = YES_ERROR;
				CLANG_WARN_EMPTY_BODY = YES;
				CLANG_WARN_ENUM_CONVERSION = YES;
				CLANG_WARN_INT_CONVERSION = YES;
				CLANG_WARN_OBJC_ROOT_CLASS = YES_ERROR;
				CLANG_WARN_UNREACHABLE_CODE = YES;
				CLANG_WARN__DUPLICATE_METHOD_MATCH = YES;
				"CODE_SIGN_IDENTITY[sdk=iphoneos*]" = "iPhone Developer";
				COPY_PHASE_STRIP = YES;
				ENABLE_NS_ASSERTIONS = NO;
				ENABLE_STRICT_OBJC_MSGSEND = YES;
				GCC_C_LANGUAGE_STANDARD = gnu99;
				GCC_WARN_64_TO_32_BIT_CONVERSION = YES;
				GCC_WARN_ABOUT_RETURN_TYPE = YES_ERROR;
				GCC_WARN_UNDECLARED_SELECTOR = YES;
				GCC_WARN_UNINITIALIZED_AUTOS = YES_AGGRESSIVE;
				GCC_WARN_UNUSED_FUNCTION = YES;
				GCC_WARN_UNUSED_VARIABLE = YES;
				IPHONEOS_DEPLOYMENT_TARGET = 8.1;
				MTL_ENABLE_DEBUG_INFO = NO;
				SDKROOT = iphoneos;
				VALIDATE_PRODUCT = YES;
			};
			name = Release;
		};
		67265BBC1A07ACD2004E660D /* Debug */ = {
			isa = XCBuildConfiguration;
			buildSettings = {
				ASSETCATALOG_COMPILER_APPICON_NAME = AppIcon;
				ASSETCATALOG_COMPILER_LAUNCHIMAGE_NAME = LaunchImage;
				CLANG_ENABLE_MODULES = YES;
				INFOPLIST_FILE = Weather/Info.plist;
				LD_RUNPATH_SEARCH_PATHS = "$(inherited) @executable_path/Frameworks";
				PRODUCT_NAME = "$(TARGET_NAME)";
				SWIFT_OBJC_BRIDGING_HEADER = "Weather-Bridging-Header.h";
				SWIFT_OPTIMIZATION_LEVEL = "-Onone";
			};
			name = Debug;
		};
		67265BBD1A07ACD2004E660D /* Release */ = {
			isa = XCBuildConfiguration;
			buildSettings = {
				ASSETCATALOG_COMPILER_APPICON_NAME = AppIcon;
				ASSETCATALOG_COMPILER_LAUNCHIMAGE_NAME = LaunchImage;
				CLANG_ENABLE_MODULES = YES;
				INFOPLIST_FILE = Weather/Info.plist;
				LD_RUNPATH_SEARCH_PATHS = "$(inherited) @executable_path/Frameworks";
				PRODUCT_NAME = "$(TARGET_NAME)";
				SWIFT_OBJC_BRIDGING_HEADER = "Weather-Bridging-Header.h";
			};
			name = Release;
		};
		67265BBF1A07ACD2004E660D /* Debug */ = {
			isa = XCBuildConfiguration;
			buildSettings = {
				BUNDLE_LOADER = "$(TEST_HOST)";
				FRAMEWORK_SEARCH_PATHS = (
					"$(SDKROOT)/Developer/Library/Frameworks",
					"$(inherited)",
				);
				GCC_PREPROCESSOR_DEFINITIONS = (
					"DEBUG=1",
					"$(inherited)",
				);
				INFOPLIST_FILE = WeatherTests/Info.plist;
				LD_RUNPATH_SEARCH_PATHS = "$(inherited) @executable_path/Frameworks @loader_path/Frameworks";
				PRODUCT_NAME = "$(TARGET_NAME)";
				TEST_HOST = "$(BUILT_PRODUCTS_DIR)/Weather.app/Weather";
			};
			name = Debug;
		};
		67265BC01A07ACD2004E660D /* Release */ = {
			isa = XCBuildConfiguration;
			buildSettings = {
				BUNDLE_LOADER = "$(TEST_HOST)";
				FRAMEWORK_SEARCH_PATHS = (
					"$(SDKROOT)/Developer/Library/Frameworks",
					"$(inherited)",
				);
				INFOPLIST_FILE = WeatherTests/Info.plist;
				LD_RUNPATH_SEARCH_PATHS = "$(inherited) @executable_path/Frameworks @loader_path/Frameworks";
				PRODUCT_NAME = "$(TARGET_NAME)";
				TEST_HOST = "$(BUILT_PRODUCTS_DIR)/Weather.app/Weather";
			};
			name = Release;
		};
/* End XCBuildConfiguration section */

/* Begin XCConfigurationList section */
		67265B931A07ACD2004E660D /* Build configuration list for PBXProject "Weather" */ = {
			isa = XCConfigurationList;
			buildConfigurations = (
				67265BB91A07ACD2004E660D /* Debug */,
				67265BBA1A07ACD2004E660D /* Release */,
			);
			defaultConfigurationIsVisible = 0;
			defaultConfigurationName = Release;
		};
		67265BBB1A07ACD2004E660D /* Build configuration list for PBXNativeTarget "Weather" */ = {
			isa = XCConfigurationList;
			buildConfigurations = (
				67265BBC1A07ACD2004E660D /* Debug */,
				67265BBD1A07ACD2004E660D /* Release */,
			);
			defaultConfigurationIsVisible = 0;
			defaultConfigurationName = Release;
		};
		67265BBE1A07ACD2004E660D /* Build configuration list for PBXNativeTarget "WeatherTests" */ = {
			isa = XCConfigurationList;
			buildConfigurations = (
				67265BBF1A07ACD2004E660D /* Debug */,
				67265BC01A07ACD2004E660D /* Release */,
			);
			defaultConfigurationIsVisible = 0;
			defaultConfigurationName = Release;
		};
/* End XCConfigurationList section */
	};
	rootObject = 67265B901A07ACD2004E660D /* Project object */;
}
